
Microsoft Visual Studio Solution File, Format Version 12.00
# Visual Studio Version 17
VisualStudioVersion = 17.6.33829.357
MinimumVisualStudioVersion = 10.0.40219.1
Project("{FAE04EC0-301F-11D3-BF4B-00C04F79EFBC}") = "UdemyJitu", "UdemyJitu.csproj", "{7452F1EF-A34C-48D5-BE6C-AAD349557EB4}"
EndProject
Global
	GlobalSection(SolutionConfigurationPlatforms) = preSolution
		Debug|Any CPU = Debug|Any CPU
		Release|Any CPU = Release|Any CPU
	EndGlobalSection
	GlobalSection(ProjectConfigurationPlatforms) = postSolution
		{7452F1EF-A34C-48D5-BE6C-AAD349557EB4}.Debug|Any CPU.ActiveCfg = Debug|Any CPU
		{7452F1EF-A34C-48D5-BE6C-AAD349557EB4}.Debug|Any CPU.Build.0 = Debug|Any CPU
		{7452F1EF-A34C-48D5-BE6C-AAD349557EB4}.Release|Any CPU.ActiveCfg = Release|Any CPU
		{7452F1EF-A34C-48D5-BE6C-AAD349557EB4}.Release|Any CPU.Build.0 = Release|Any CPU
	EndGlobalSection
	GlobalSection(SolutionProperties) = preSolution
		HideSolutionNode = FALSE
	EndGlobalSection
	GlobalSection(ExtensibilityGlobals) = postSolution
		SolutionGuid = {4E22DB06-D2A8-4831-81E3-518E28AD00B9}
	EndGlobalSection
EndGlobal
